
Microsoft Visual Studio Solution File, Format Version 12.00
# Visual Studio 14
VisualStudioVersion = 14.0.25420.1
MinimumVisualStudioVersion = 10.0.40219.1
Project("{FAE04EC0-301F-11D3-BF4B-00C04F79EFBC}") = "Vidly", "Vidly\Vidly.csproj", "{B45A6564-6DAC-4EDA-B8A0-F8449B0390F8}"
EndProject
Global
	GlobalSection(SolutionConfigurationPlatforms) = preSolution
		Debug|Any CPU = Debug|Any CPU
		Release|Any CPU = Release|Any CPU
	EndGlobalSection
	GlobalSection(ProjectConfigurationPlatforms) = postSolution
		{B45A6564-6DAC-4EDA-B8A0-F8449B0390F8}.Debug|Any CPU.ActiveCfg = Debug|Any CPU
		{B45A6564-6DAC-4EDA-B8A0-F8449B0390F8}.Debug|Any CPU.Build.0 = Debug|Any CPU
		{B45A6564-6DAC-4EDA-B8A0-F8449B0390F8}.Release|Any CPU.ActiveCfg = Release|Any CPU
		{B45A6564-6DAC-4EDA-B8A0-F8449B0390F8}.Release|Any CPU.Build.0 = Release|Any CPU
	EndGlobalSection
	GlobalSection(SolutionProperties) = preSolution
		HideSolutionNode = FALSE
	EndGlobalSection
EndGlobal
